Microsoft Visual Studio Solution File, Format Version 12.00
# Visual Studio Version 17
VisualStudioVersion = 17.0.31903.59
MinimumVisualStudioVersion = 10.0.40219.1
Project("{BC8A1FFA-BEE3-4634-8014-F334798102B3}") = "RionWindowFrameHelper", "RionWindowFrameHelper.vcxproj", "{3CE39B7E-97E5-4F15-81CF-F1517F9E6022}"
EndProject
Project("{BC8A1FFA-BEE3-4634-8014-F334798102B3}") = "RionWindowFrameHelperTests", "RionWindowFrameHelperTests.vcxproj", "{63DD194C-BD0C-49D9-9DDC-93A96588FDE3}"
EndProject
Global
	GlobalSection(SolutionConfigurationPlatforms) = preSolution
		Debug|x64 = Debug|x64
		Release|x64 = Release|x64
	EndGlobalSection
	GlobalSection(ProjectConfigurationPlatforms) = postSolution
		{3CE39B7E-97E5-4F15-81CF-F1517F9E6022}.Debug|x64.ActiveCfg = Debug|x64
		{3CE39B7E-97E5-4F15-81CF-F1517F9E6022}.Debug|x64.Build.0 = Debug|x64
		{3CE39B7E-97E5-4F15-81CF-F1517F9E6022}.Release|x64.ActiveCfg = Release|x64
		{3CE39B7E-97E5-4F15-81CF-F1517F9E6022}.Release|x64.Build.0 = Release|x64
		{63DD194C-BD0C-49D9-9DDC-93A96588FDE3}.Debug|x64.ActiveCfg = Debug|x64
		{63DD194C-BD0C-49D9-9DDC-93A96588FDE3}.Debug|x64.Build.0 = Debug|x64
		{63DD194C-BD0C-49D9-9DDC-93A96588FDE3}.Release|x64.ActiveCfg = Release|x64
		{63DD194C-BD0C-49D9-9DDC-93A96588FDE3}.Release|x64.Build.0 = Release|x64
	EndGlobalSection
	GlobalSection(SolutionProperties) = preSolution
		HideSolutionNode = FALSE
	EndGlobalSection
EndGlobal
